// !$*UTF8*$!
{
	archiveVersion = 1;
	classes = {
	};
	objectVersion = 50;
	objects = {

/* Begin PBXBuildFile section */
		D28F0667247DB54C00215D42 /* AboutViewController.swift in Sources */ = {isa = PBXBuildFile; fileRef = D28F0665247DB54C00215D42 /* AboutViewController.swift */; };
		D28F066A247DB75D00215D42 /* AboutAuthorViewController.swift in Sources */ = {isa = PBXBuildFile; fileRef = D28F0669247DB75D00215D42 /* AboutAuthorViewController.swift */; };
		D28F066C247DC3B200215D42 /* BullsEye.html in Resources */ = {isa = PBXBuildFile; fileRef = D28F066B247DC3B200215D42 /* BullsEye.html */; };
		D28F066F247DC66700215D42 /* WebKit.framework in Frameworks */ = {isa = PBXBuildFile; fileRef = D28F066E247DC66700215D42 /* WebKit.framework */; };
		D2D757AA2475EB0100060FFD /* AppDelegate.swift in Sources */ = {isa = PBXBuildFile; fileRef = D2D757A92475EB0100060FFD /* AppDelegate.swift */; };
		D2D757AC2475EB0100060FFD /* SceneDelegate.swift in Sources */ = {isa = PBXBuildFile; fileRef = D2D757AB2475EB0100060FFD /* SceneDelegate.swift */; };
		D2D757AE2475EB0100060FFD /* ViewController.swift in Sources */ = {isa = PBXBuildFile; fileRef = D2D757AD2475EB0100060FFD /* ViewController.swift */; };
		D2D757B12475EB0100060FFD /* Main.storyboard in Resources */ = {isa = PBXBuildFile; fileRef = D2D757AF2475EB0100060FFD /* Main.storyboard */; };
		D2D757B32475EB0300060FFD /* Assets.xcassets in Resources */ = {isa = PBXBuildFile; fileRef = D2D757B22475EB0300060FFD /* Assets.xcassets */; };
		D2D757B62475EB0300060FFD /* LaunchScreen.storyboard in Resources */ = {isa = PBXBuildFile; fileRef = D2D757B42475EB0300060FFD /* LaunchScreen.storyboard */; };
/* End PBXBuildFile section */

/* Begin PBXFileReference section */
		D28F0665247DB54C00215D42 /* AboutViewController.swift */ = {isa = PBXFileReference; lastKnownFileType = sourcecode.swift; path = AboutViewController.swift; sourceTree = "<group>"; };
		D28F0669247DB75D00215D42 /* AboutAuthorViewController.swift */ = {isa = PBXFileReference; lastKnownFileType = sourcecode.swift; path = AboutAuthorViewController.swift; sourceTree = "<group>"; };
		D28F066B247DC3B200215D42 /* BullsEye.html */ = {isa = PBXFileReference; fileEncoding = 4; lastKnownFileType = text.html; path = BullsEye.html; sourceTree = "<group>"; };
		D28F066E247DC66700215D42 /* WebKit.framework */ = {isa = PBXFileReference; lastKnownFileType = wrapper.framework; name = WebKit.framework; path = System/Library/Frameworks/WebKit.framework; sourceTree = SDKROOT; };
		D2D757A62475EB0100060FFD /* Bullseye-UIKit.app */ = {isa = PBXFileReference; explicitFileType = wrapper.application; includeInIndex = 0; path = "Bullseye-UIKit.app"; sourceTree = BUILT_PRODUCTS_DIR; };
		D2D757A92475EB0100060FFD /* AppDelegate.swift */ = {isa = PBXFileReference; lastKnownFileType = sourcecode.swift; path = AppDelegate.swift; sourceTree = "<group>"; };
		D2D757AB2475EB0100060FFD /* SceneDelegate.swift */ = {isa = PBXFileReference; lastKnownFileType = sourcecode.swift; path = SceneDelegate.swift; sourceTree = "<group>"; };
		D2D757AD2475EB0100060FFD /* ViewController.swift */ = {isa = PBXFileReference; lastKnownFileType = sourcecode.swift; path = ViewController.swift; sourceTree = "<group>"; };
		D2D757B02475EB0100060FFD /* Base */ = {isa = PBXFileReference; lastKnownFileType = file.storyboard; name = Base; path = Base.lproj/Main.storyboard; sourceTree = "<group>"; };
		D2D757B22475EB0300060FFD /* Assets.xcassets */ = {isa = PBXFileReference; lastKnownFileType = folder.assetcatalog; path = Assets.xcassets; sourceTree = "<group>"; };
		D2D757B52475EB0300060FFD /* Base */ = {isa = PBXFileReference; lastKnownFileType = file.storyboard; name = Base; path = Base.lproj/LaunchScreen.storyboard; sourceTree = "<group>"; };
		D2D757B72475EB0300060FFD /* Info.plist */ = {isa = PBXFileReference; lastKnownFileType = text.plist.xml; path = Info.plist; sourceTree = "<group>"; };
/* End PBXFileReference section */

/* Begin PBXFrameworksBuildPhase section */
		D2D757A32475EB0100060FFD /* Frameworks */ = {
			isa = PBXFrameworksBuildPhase;
			buildActionMask = 2147483647;
			files = (
				D28F066F247DC66700215D42 /* WebKit.framework in Frameworks */,
			);
			runOnlyForDeploymentPostprocessing = 0;
		};
/* End PBXFrameworksBuildPhase section */

/* Begin PBXGroup section */
		D28F066D247DC66600215D42 /* Frameworks */ = {
			isa = PBXGroup;
			children = (
				D28F066E247DC66700215D42 /* WebKit.framework */,
			);
			name = Frameworks;
			sourceTree = "<group>";
		};
		D2D7579D2475EB0100060FFD = {
			isa = PBXGroup;
			children = (
				D2D757A82475EB0100060FFD /* Bullseye-UIKit */,
				D2D757A72475EB0100060FFD /* Products */,
				D28F066D247DC66600215D42 /* Frameworks */,
			);
			sourceTree = "<group>";
		};
		D2D757A72475EB0100060FFD /* Products */ = {
			isa = PBXGroup;
			children = (
				D2D757A62475EB0100060FFD /* Bullseye-UIKit.app */,
			);
			name = Products;
			sourceTree = "<group>";
		};
		D2D757A82475EB0100060FFD /* Bullseye-UIKit */ = {
			isa = PBXGroup;
			children = (
				D2D757A92475EB0100060FFD /* AppDelegate.swift */,
				D2D757AB2475EB0100060FFD /* SceneDelegate.swift */,
				D2D757AD2475EB0100060FFD /* ViewController.swift */,
				D28F0665247DB54C00215D42 /* AboutViewController.swift */,
				D28F0669247DB75D00215D42 /* AboutAuthorViewController.swift */,
				D2D757AF2475EB0100060FFD /* Main.storyboard */,
				D2D757B22475EB0300060FFD /* Assets.xcassets */,
				D2D757B42475EB0300060FFD /* LaunchScreen.storyboard */,
				D2D757B72475EB0300060FFD /* Info.plist */,
				D28F066B247DC3B200215D42 /* BullsEye.html */,
			);
			path = "Bullseye-UIKit";
			sourceTree = "<group>";
		};
/* End PBXGroup section */

/* Begin PBXNativeTarget section */
		D2D757A52475EB0100060FFD /* Bullseye-UIKit */ = {
			isa = PBXNativeTarget;
			buildConfigurationList = D2D757BA2475EB0300060FFD /* Build configuration list for PBXNativeTarget "Bullseye-UIKit" */;
			buildPhases = (
				D2D757A22475EB0100060FFD /* Sources */,
				D2D757A32475EB0100060FFD /* Frameworks */,
				D2D757A42475EB0100060FFD /* Resources */,
			);
			buildRules = (
			);
			dependencies = (
			);
			name = "Bullseye-UIKit";
			productName = "Bullseye-UIKit";
			productReference = D2D757A62475EB0100060FFD /* Bullseye-UIKit.app */;
			productType = "com.apple.product-type.application";
		};
/* End PBXNativeTarget section */

/* Begin PBXProject section */
		D2D7579E2475EB0100060FFD /* Project object */ = {
			isa = PBXProject;
			attributes = {
				LastSwiftUpdateCheck = 1150;
				LastUpgradeCheck = 1150;
				ORGANIZATIONNAME = "Arturo Espinoza Carrasco";
				TargetAttributes = {
					D2D757A52475EB0100060FFD = {
						CreatedOnToolsVersion = 11.5;
					};
				};
			};
			buildConfigurationList = D2D757A12475EB0100060FFD /* Build configuration list for PBXProject "Bullseye-UIKit" */;
			compatibilityVersion = "Xcode 9.3";
			developmentRegion = en;
			hasScannedForEncodings = 0;
			knownRegions = (
				en,
				Base,
			);
			mainGroup = D2D7579D2475EB0100060FFD;
			productRefGroup = D2D757A72475EB0100060FFD /* Products */;
			projectDirPath = "";
			projectRoot = "";
			targets = (
				D2D757A52475EB0100060FFD /* Bullseye-UIKit */,
			);
		};
/* End PBXProject section */

/* Begin PBXResourcesBuildPhase section */
		D2D757A42475EB0100060FFD /* Resources */ = {
			isa = PBXResourcesBuildPhase;
			buildActionMask = 2147483647;
			files = (
				D2D757B62475EB0300060FFD /* LaunchScreen.storyboard in Resources */,
				D28F066C247DC3B200215D42 /* BullsEye.html in Resources */,
				D2D757B32475EB0300060FFD /* Assets.xcassets in Resources */,
				D2D757B12475EB0100060FFD /* Main.storyboard in Resources */,
			);
			runOnlyForDeploymentPostprocessing = 0;
		};
/* End PBXResourcesBuildPhase section */

/* Begin PBXSourcesBuildPhase section */
		D2D757A22475EB0100060FFD /* Sources */ = {
			isa = PBXSourcesBuildPhase;
			buildActionMask = 2147483647;
			files = (
				D2D757AE2475EB0100060FFD /* ViewController.swift in Sources */,
				D2D757AA2475EB0100060FFD /* AppDelegate.swift in Sources */,
				D28F0667247DB54C00215D42 /* AboutViewController.swift in Sources */,
				D2D757AC2475EB0100060FFD /* SceneDelegate.swift in Sources */,
				D28F066A247DB75D00215D42 /* AboutAuthorViewController.swift in Sources */,
			);
			runOnlyForDeploymentPostprocessing = 0;
		};
/* End PBXSourcesBuildPhase section */

/* Begin PBXVariantGroup section */
		D2D757AF2475EB0100060FFD /* Main.storyboard */ = {
			isa = PBXVariantGroup;
			children = (
				D2D757B02475EB0100060FFD /* Base */,
			);
			name = Main.storyboard;
			sourceTree = "<group>";
		};
		D2D757B42475EB0300060FFD /* LaunchScreen.storyboard */ = {
			isa = PBXVariantGroup;
			children = (
				D2D757B52475EB0300060FFD /* Base */,
			);
			name = LaunchScreen.storyboard;
			sourceTree = "<group>";
		};
/* End PBXVariantGroup section */

/* Begin XCBuildConfiguration section */
		D2D757B82475EB0300060FFD /* Debug */ = {
			isa = XCBuildConfiguration;
			buildSettings = {
				ALWAYS_SEARCH_USER_PATHS = NO;
				CLANG_ANALYZER_NONNULL = YES;
				CLANG_ANALYZER_NUMBER_OBJECT_CONVERSION = YES_AGGRESSIVE;
				CLANG_CXX_LANGUAGE_STANDARD = "gnu++14";
				CLANG_CXX_LIBRARY = "libc++";
				CLANG_ENABLE_MODULES = YES;
				CLANG_ENABLE_OBJC_ARC = YES;
				CLANG_ENABLE_OBJC_WEAK = YES;
				CLANG_WARN_BLOCK_CAPTURE_AUTORELEASING = YES;
				CLANG_WARN_BOOL_CONVERSION = YES;
				CLANG_WARN_COMMA = YES;
				CLANG_WARN_CONSTANT_CONVERSION = YES;
				CLANG_WARN_DEPRECATED_OBJC_IMPLEMENTATIONS = YES;
				CLANG_WARN_DIRECT_OBJC_ISA_USAGE = YES_ERROR;
				CLANG_WARN_DOCUMENTATION_COMMENTS = YES;
				CLANG_WARN_EMPTY_BODY = YES;
				CLANG_WARN_ENUM_CONVERSION = YES;
				CLANG_WARN_INFINITE_RECURSION = YES;
				CLANG_WARN_INT_CONVERSION = YES;
				CLANG_WARN_NON_LITERAL_NULL_CONVERSION = YES;
				CLANG_WARN_OBJC_IMPLICIT_RETAIN_SELF = YES;
				CLANG_WARN_OBJC_LITERAL_CONVERSION = YES;
				CLANG_WARN_OBJC_ROOT_CLASS = YES_ERROR;
				CLANG_WARN_RANGE_LOOP_ANALYSIS = YES;
				CLANG_WARN_STRICT_PROTOTYPES = YES;
				CLANG_WARN_SUSPICIOUS_MOVE = YES;
				CLANG_WARN_UNGUARDED_AVAILABILITY = YES_AGGRESSIVE;
				CLANG_WARN_UNREACHABLE_CODE = YES;
				CLANG_WARN__DUPLICATE_METHOD_MATCH = YES;
				COPY_PHASE_STRIP = NO;
				DEBUG_INFORMATION_FORMAT = dwarf;
				ENABLE_STRICT_OBJC_MSGSEND = YES;
				ENABLE_TESTABILITY = YES;
				GCC_C_LANGUAGE_STANDARD = gnu11;
				GCC_DYNAMIC_NO_PIC = NO;
				GCC_NO_COMMON_BLOCKS = YES;
				GCC_OPTIMIZATION_LEVEL = 0;
				GCC_PREPROCESSOR_DEFINITIONS = (
					"DEBUG=1",
					"$(inherited)",
				);
				GCC_WARN_64_TO_32_BIT_CONVERSION = YES;
				GCC_WARN_ABOUT_RETURN_TYPE = YES_ERROR;
				GCC_WARN_UNDECLARED_SELECTOR = YES;
				GCC_WARN_UNINITIALIZED_AUTOS = YES_AGGRESSIVE;
				GCC_WARN_UNUSED_FUNCTION = YES;
				GCC_WARN_UNUSED_VARIABLE = YES;
				IPHONEOS_DEPLOYMENT_TARGET = 13.5;
				MTL_ENABLE_DEBUG_INFO = INCLUDE_SOURCE;
				MTL_FAST_MATH = YES;
				ONLY_ACTIVE_ARCH = YES;
				SDKROOT = iphoneos;
				SWIFT_ACTIVE_COMPILATION_CONDITIONS = DEBUG;
				SWIFT_OPTIMIZATION_LEVEL = "-Onone";
			};
			name = Debug;
		};
		D2D757B92475EB0300060FFD /* Release */ = {
			isa = XCBuildConfiguration;
			buildSettings = {
				ALWAYS_SEARCH_USER_PATHS = NO;
				CLANG_ANALYZER_NONNULL = YES;
				CLANG_ANALYZER_NUMBER_OBJECT_CONVERSION = YES_AGGRESSIVE;
				CLANG_CXX_LANGUAGE_STANDARD = "gnu++14";
				CLANG_CXX_LIBRARY = "libc++";
				CLANG_ENABLE_MODULES = YES;
				CLANG_ENABLE_OBJC_ARC = YES;
				CLANG_ENABLE_OBJC_WEAK = YES;
				CLANG_WARN_BLOCK_CAPTURE_AUTORELEASING = YES;
				CLANG_WARN_BOOL_CONVERSION = YES;
				CLANG_WARN_COMMA = YES;
				CLANG_WARN_CONSTANT_CONVERSION = YES;
				CLANG_WARN_DEPRECATED_OBJC_IMPLEMENTATIONS = YES;
				CLANG_WARN_DIRECT_OBJC_ISA_USAGE = YES_ERROR;
				CLANG_WARN_DOCUMENTATION_COMMENTS = YES;
				CLANG_WARN_EMPTY_BODY = YES;
				CLANG_WARN_ENUM_CONVERSION = YES;
				CLANG_WARN_INFINITE_RECURSION = YES;
				CLANG_WARN_INT_CONVERSION = YES;
				CLANG_WARN_NON_LITERAL_NULL_CONVERSION = YES;
				CLANG_WARN_OBJC_IMPLICIT_RETAIN_SELF = YES;
				CLANG_WARN_OBJC_LITERAL_CONVERSION = YES;
				CLANG_WARN_OBJC_ROOT_CLASS = YES_ERROR;
				CLANG_WARN_RANGE_LOOP_ANALYSIS = YES;
				CLANG_WARN_STRICT_PROTOTYPES = YES;
				CLANG_WARN_SUSPICIOUS_MOVE = YES;
				CLANG_WARN_UNGUARDED_AVAILABILITY = YES_AGGRESSIVE;
				CLANG_WARN_UNREACHABLE_CODE = YES;
				CLANG_WARN__DUPLICATE_METHOD_MATCH = YES;
				COPY_PHASE_STRIP = NO;
				DEBUG_INFORMATION_FORMAT = "dwarf-with-dsym";
				ENABLE_NS_ASSERTIONS = NO;
				ENABLE_STRICT_OBJC_MSGSEND = YES;
				GCC_C_LANGUAGE_STANDARD = gnu11;
				GCC_NO_COMMON_BLOCKS = YES;
				GCC_WARN_64_TO_32_BIT_CONVERSION = YES;
				GCC_WARN_ABOUT_RETURN_TYPE = YES_ERROR;
				GCC_WARN_UNDECLARED_SELECTOR = YES;
				GCC_WARN_UNINITIALIZED_AUTOS = YES_AGGRESSIVE;
				GCC_WARN_UNUSED_FUNCTION = YES;
				GCC_WARN_UNUSED_VARIABLE = YES;
				IPHONEOS_DEPLOYMENT_TARGET = 13.5;
				MTL_ENABLE_DEBUG_INFO = NO;
				MTL_FAST_MATH = YES;
				SDKROOT = iphoneos;
				SWIFT_COMPILATION_MODE = wholemodule;
				SWIFT_OPTIMIZATION_LEVEL = "-O";
				VALIDATE_PRODUCT = YES;
			};
			name = Release;
		};
		D2D757BB2475EB0300060FFD /* Debug */ = {
			isa = XCBuildConfiguration;
			buildSettings = {
				ASSETCATALOG_COMPILER_APPICON_NAME = AppIcon;
				CODE_SIGN_STYLE = Automatic;
				INFOPLIST_FILE = "Bullseye-UIKit/Info.plist";
				LD_RUNPATH_SEARCH_PATHS = (
					"$(inherited)",
					"@executable_path/Frameworks",
				);
				PRODUCT_BUNDLE_IDENTIFIER = "com.jagochile.Bullseye-UIKit";
				PRODUCT_NAME = "$(TARGET_NAME)";
				SWIFT_VERSION = 5.0;
				TARGETED_DEVICE_FAMILY = "1,2";
			};
			name = Debug;
		};
		D2D757BC2475EB0300060FFD /* Release */ = {
			isa = XCBuildConfiguration;
			buildSettings = {
				ASSETCATALOG_COMPILER_APPICON_NAME = AppIcon;
				CODE_SIGN_STYLE = Automatic;
				INFOPLIST_FILE = "Bullseye-UIKit/Info.plist";
				LD_RUNPATH_SEARCH_PATHS = (
					"$(inherited)",
					"@executable_path/Frameworks",
				);
				PRODUCT_BUNDLE_IDENTIFIER = "com.jagochile.Bullseye-UIKit";
				PRODUCT_NAME = "$(TARGET_NAME)";
				SWIFT_VERSION = 5.0;
				TARGETED_DEVICE_FAMILY = "1,2";
			};
			name = Release;
		};
/* End XCBuildConfiguration section */

/* Begin XCConfigurationList section */
		D2D757A12475EB0100060FFD /* Build configuration list for PBXProject "Bullseye-UIKit" */ = {
			isa = XCConfigurationList;
			buildConfigurations = (
				D2D757B82475EB0300060FFD /* Debug */,
				D2D757B92475EB0300060FFD /* Release */,
			);
			defaultConfigurationIsVisible = 0;
			defaultConfigurationName = Release;
		};
		D2D757BA2475EB0300060FFD /* Build configuration list for PBXNativeTarget "Bullseye-UIKit" */ = {
			isa = XCConfigurationList;
			buildConfigurations = (
				D2D757BB2475EB0300060FFD /* Debug */,
				D2D757BC2475EB0300060FFD /* Release */,
			);
			defaultConfigurationIsVisible = 0;
			defaultConfigurationName = Release;
		};
/* End XCConfigurationList section */
	};
	rootObject = D2D7579E2475EB0100060FFD /* Project object */;
}
